{
  "name": "example",
  "version": "1.0.0",
  "lockfileVersion": 1,
  "requires": true,
  "dependencies": {
    "rabbitode": {
      "version": "file:..",
      "requires": {
        "amqplib": "0.5.2"
      },
      "dependencies": {
        "@types/amqplib": {
          "version": "0.5.6",
          "bundled": true,
          "requires": {
            "@types/bluebird": "3.5.20",
            "@types/events": "1.2.0",
            "@types/node": "9.4.6"
          }
        },
        "@types/bluebird": {
          "version": "3.5.20",
          "bundled": true
        },
        "@types/body-parser": {
          "version": "1.16.8",
          "bundled": true,
          "dev": true,
          "requires": {
            "@types/express": "4.11.1",
            "@types/node": "9.4.6"
          }
        },
        "@types/events": {
          "version": "1.2.0",
          "bundled": true
        },
        "@types/express": {
          "version": "4.11.1",
          "bundled": true,
          "dev": true,
          "requires": {
            "@types/body-parser": "1.16.8",
            "@types/express-serve-static-core": "4.11.1",
            "@types/serve-static": "1.13.1"
          }
        },
        "@types/express-serve-static-core": {
          "version": "4.11.1",
          "bundled": true,
          "dev": true,
          "requires": {
            "@types/events": "1.2.0",
            "@types/node": "9.4.6"
          }
        },
        "@types/mime": {
          "version": "2.0.0",
          "bundled": true,
          "dev": true
        },
        "@types/node": {
          "version": "9.4.6",
          "bundled": true
        },
        "@types/serve-static": {
          "version": "1.13.1",
          "bundled": true,
          "dev": true,
          "requires": {
            "@types/express-serve-static-core": "4.11.1",
            "@types/mime": "2.0.0"
          }
        },
        "amqplib": {
          "version": "0.5.2",
          "bundled": true,
          "requires": {
            "bitsyntax": "0.0.4",
            "bluebird": "3.5.1",
            "buffer-more-ints": "0.0.2",
            "readable-stream": "1.1.14",
            "safe-buffer": "5.1.1"
          }
        },
        "bitsyntax": {
          "version": "0.0.4",
          "bundled": true,
          "requires": {
            "buffer-more-ints": "0.0.2"
          }
        },
        "bluebird": {
          "version": "3.5.1",
          "bundled": true
        },
        "buffer-more-ints": {
          "version": "0.0.2",
          "bundled": true
        },
        "core-util-is": {
          "version": "1.0.2",
          "bundled": true
        },
        "inherits": {
          "version": "2.0.3",
          "bundled": true
        },
        "isarray": {
          "version": "0.0.1",
          "bundled": true
        },
        "readable-stream": {
          "version": "1.1.14",
          "bundled": true,
          "requires": {
            "core-util-is": "1.0.2",
            "inherits": "2.0.3",
            "isarray": "0.0.1",
            "string_decoder": "0.10.31"
          }
        },
        "safe-buffer": {
          "version": "5.1.1",
          "bundled": true
        },
        "string_decoder": {
          "version": "0.10.31",
          "bundled": true
        }
      }
    }
  }
}
